// !$*UTF8*$!
{
	archiveVersion = 1;
	classes = {
	};
	objectVersion = 50;
	objects = {

/* Begin PBXBuildFile section */
		3103B5D321B9A77100ADA70B /* AppDelegate.swift in Sources */ = {isa = PBXBuildFile; fileRef = 3103B5D221B9A77100ADA70B /* AppDelegate.swift */; };
		3103B5D521B9A77100ADA70B /* ViewController.swift in Sources */ = {isa = PBXBuildFile; fileRef = 3103B5D421B9A77100ADA70B /* ViewController.swift */; };
		3103B5D821B9A77100ADA70B /* Main.storyboard in Resources */ = {isa = PBXBuildFile; fileRef = 3103B5D621B9A77100ADA70B /* Main.storyboard */; };
		3103B5DA21B9A77100ADA70B /* Assets.xcassets in Resources */ = {isa = PBXBuildFile; fileRef = 3103B5D921B9A77100ADA70B /* Assets.xcassets */; };
		3103B5DD21B9A77100ADA70B /* LaunchScreen.storyboard in Resources */ = {isa = PBXBuildFile; fileRef = 3103B5DB21B9A77100ADA70B /* LaunchScreen.storyboard */; };
		3EB85FAF12B4B91E33A29528 /* Pods_VisualSupport2.framework in Frameworks */ = {isa = PBXBuildFile; fileRef = 73355779D9A1E28AA7A5C809 /* Pods_VisualSupport2.framework */; };
/* End PBXBuildFile section */

/* Begin PBXFileReference section */
		3103B5CF21B9A77100ADA70B /* VisualSupport2.app */ = {isa = PBXFileReference; explicitFileType = wrapper.application; includeInIndex = 0; path = VisualSupport2.app; sourceTree = BUILT_PRODUCTS_DIR; };
		3103B5D221B9A77100ADA70B /* AppDelegate.swift */ = {isa = PBXFileReference; lastKnownFileType = sourcecode.swift; path = AppDelegate.swift; sourceTree = "<group>"; };
		3103B5D421B9A77100ADA70B /* ViewController.swift */ = {isa = PBXFileReference; lastKnownFileType = sourcecode.swift; path = ViewController.swift; sourceTree = "<group>"; };
		3103B5D721B9A77100ADA70B /* Base */ = {isa = PBXFileReference; lastKnownFileType = file.storyboard; name = Base; path = Base.lproj/Main.storyboard; sourceTree = "<group>"; };
		3103B5D921B9A77100ADA70B /* Assets.xcassets */ = {isa = PBXFileReference; lastKnownFileType = folder.assetcatalog; path = Assets.xcassets; sourceTree = "<group>"; };
		3103B5DC21B9A77100ADA70B /* Base */ = {isa = PBXFileReference; lastKnownFileType = file.storyboard; name = Base; path = Base.lproj/LaunchScreen.storyboard; sourceTree = "<group>"; };
		3103B5DE21B9A77100ADA70B /* Info.plist */ = {isa = PBXFileReference; lastKnownFileType = text.plist.xml; path = Info.plist; sourceTree = "<group>"; };
		585042D790254371421F1C4E /* Pods-VisualSupport2.debug.xcconfig */ = {isa = PBXFileReference; includeInIndex = 1; lastKnownFileType = text.xcconfig; name = "Pods-VisualSupport2.debug.xcconfig"; path = "Pods/Target Support Files/Pods-VisualSupport2/Pods-VisualSupport2.debug.xcconfig"; sourceTree = "<group>"; };
		71CC6F4F5CA8D0D0FA3949F4 /* Pods-VisualSupport2.release.xcconfig */ = {isa = PBXFileReference; includeInIndex = 1; lastKnownFileType = text.xcconfig; name = "Pods-VisualSupport2.release.xcconfig"; path = "Pods/Target Support Files/Pods-VisualSupport2/Pods-VisualSupport2.release.xcconfig"; sourceTree = "<group>"; };
		73355779D9A1E28AA7A5C809 /* Pods_VisualSupport2.framework */ = {isa = PBXFileReference; explicitFileType = wrapper.framework; includeInIndex = 0; path = Pods_VisualSupport2.framework; sourceTree = BUILT_PRODUCTS_DIR; };
/* End PBXFileReference section */

/* Begin PBXFrameworksBuildPhase section */
		3103B5CC21B9A77100ADA70B /* Frameworks */ = {
			isa = PBXFrameworksBuildPhase;
			buildActionMask = 2147483647;
			files = (
				3EB85FAF12B4B91E33A29528 /* Pods_VisualSupport2.framework in Frameworks */,
			);
			runOnlyForDeploymentPostprocessing = 0;
		};
/* End PBXFrameworksBuildPhase section */

/* Begin PBXGroup section */
		3103B5C621B9A77000ADA70B = {
			isa = PBXGroup;
			children = (
				3103B5D121B9A77100ADA70B /* VisualSupport2 */,
				3103B5D021B9A77100ADA70B /* Products */,
				EFB23C7F240A27BCB2C1D884 /* Pods */,
				A58AEE75E0C6900D9FF74474 /* Frameworks */,
			);
			sourceTree = "<group>";
		};
		3103B5D021B9A77100ADA70B /* Products */ = {
			isa = PBXGroup;
			children = (
				3103B5CF21B9A77100ADA70B /* VisualSupport2.app */,
			);
			name = Products;
			sourceTree = "<group>";
		};
		3103B5D121B9A77100ADA70B /* VisualSupport2 */ = {
			isa = PBXGroup;
			children = (
				3103B5D221B9A77100ADA70B /* AppDelegate.swift */,
				3103B5D421B9A77100ADA70B /* ViewController.swift */,
				3103B5D621B9A77100ADA70B /* Main.storyboard */,
				3103B5D921B9A77100ADA70B /* Assets.xcassets */,
				3103B5DB21B9A77100ADA70B /* LaunchScreen.storyboard */,
				3103B5DE21B9A77100ADA70B /* Info.plist */,
			);
			path = VisualSupport2;
			sourceTree = "<group>";
		};
		A58AEE75E0C6900D9FF74474 /* Frameworks */ = {
			isa = PBXGroup;
			children = (
				73355779D9A1E28AA7A5C809 /* Pods_VisualSupport2.framework */,
			);
			name = Frameworks;
			sourceTree = "<group>";
		};
		EFB23C7F240A27BCB2C1D884 /* Pods */ = {
			isa = PBXGroup;
			children = (
				585042D790254371421F1C4E /* Pods-VisualSupport2.debug.xcconfig */,
				71CC6F4F5CA8D0D0FA3949F4 /* Pods-VisualSupport2.release.xcconfig */,
			);
			name = Pods;
			sourceTree = "<group>";
		};
/* End PBXGroup section */

/* Begin PBXNativeTarget section */
		3103B5CE21B9A77100ADA70B /* VisualSupport2 */ = {
			isa = PBXNativeTarget;
			buildConfigurationList = 3103B5E121B9A77100ADA70B /* Build configuration list for PBXNativeTarget "VisualSupport2" */;
			buildPhases = (
				2F4A7C113C5310C6F5C049CC /* [CP] Check Pods Manifest.lock */,
				3103B5CB21B9A77100ADA70B /* Sources */,
				3103B5CC21B9A77100ADA70B /* Frameworks */,
				3103B5CD21B9A77100ADA70B /* Resources */,
				8E2942F90E4A71814A8859CF /* [CP] Embed Pods Frameworks */,
			);
			buildRules = (
			);
			dependencies = (
			);
			name = VisualSupport2;
			productName = VisualSupport2;
			productReference = 3103B5CF21B9A77100ADA70B /* VisualSupport2.app */;
			productType = "com.apple.product-type.application";
		};
/* End PBXNativeTarget section */

/* Begin PBXProject section */
		3103B5C721B9A77000ADA70B /* Project object */ = {
			isa = PBXProject;
			attributes = {
				LastSwiftUpdateCheck = 1010;
				LastUpgradeCheck = 1010;
				ORGANIZATIONNAME = BSH_MRM;
				TargetAttributes = {
					3103B5CE21B9A77100ADA70B = {
						CreatedOnToolsVersion = 10.1;
					};
				};
			};
			buildConfigurationList = 3103B5CA21B9A77000ADA70B /* Build configuration list for PBXProject "VisualSupport2" */;
			compatibilityVersion = "Xcode 9.3";
			developmentRegion = en;
			hasScannedForEncodings = 0;
			knownRegions = (
				en,
				Base,
			);
			mainGroup = 3103B5C621B9A77000ADA70B;
			productRefGroup = 3103B5D021B9A77100ADA70B /* Products */;
			projectDirPath = "";
			projectRoot = "";
			targets = (
				3103B5CE21B9A77100ADA70B /* VisualSupport2 */,
			);
		};
/* End PBXProject section */

/* Begin PBXResourcesBuildPhase section */
		3103B5CD21B9A77100ADA70B /* Resources */ = {
			isa = PBXResourcesBuildPhase;
			buildActionMask = 2147483647;
			files = (
				3103B5DD21B9A77100ADA70B /* LaunchScreen.storyboard in Resources */,
				3103B5DA21B9A77100ADA70B /* Assets.xcassets in Resources */,
				3103B5D821B9A77100ADA70B /* Main.storyboard in Resources */,
			);
			runOnlyForDeploymentPostprocessing = 0;
		};
/* End PBXResourcesBuildPhase section */

/* Begin PBXShellScriptBuildPhase section */
		2F4A7C113C5310C6F5C049CC /* [CP] Check Pods Manifest.lock */ = {
			isa = PBXShellScriptBuildPhase;
			buildActionMask = 2147483647;
			files = (
			);
			inputFileListPaths = (
			);
			inputPaths = (
				"${PODS_PODFILE_DIR_PATH}/Podfile.lock",
				"${PODS_ROOT}/Manifest.lock",
			);
			name = "[CP] Check Pods Manifest.lock";
			outputFileListPaths = (
			);
			outputPaths = (
				"$(DERIVED_FILE_DIR)/Pods-VisualSupport2-checkManifestLockResult.txt",
			);
			runOnlyForDeploymentPostprocessing = 0;
			shellPath = /bin/sh;
			shellScript = "diff \"${PODS_PODFILE_DIR_PATH}/Podfile.lock\" \"${PODS_ROOT}/Manifest.lock\" > /dev/null\nif [ $? != 0 ] ; then\n    # print error to STDERR\n    echo \"error: The sandbox is not in sync with the Podfile.lock. Run 'pod install' or update your CocoaPods installation.\" >&2\n    exit 1\nfi\n# This output is used by Xcode 'outputs' to avoid re-running this script phase.\necho \"SUCCESS\" > \"${SCRIPT_OUTPUT_FILE_0}\"\n";
			showEnvVarsInLog = 0;
		};
		8E2942F90E4A71814A8859CF /* [CP] Embed Pods Frameworks */ = {
			isa = PBXShellScriptBuildPhase;
			buildActionMask = 2147483647;
			files = (
			);
			inputFileListPaths = (
			);
			inputPaths = (
				"${SRCROOT}/Pods/Target Support Files/Pods-VisualSupport2/Pods-VisualSupport2-frameworks.sh",
				"${BUILT_PRODUCTS_DIR}/ZCAnimatedLabel/ZCAnimatedLabel.framework",
			);
			name = "[CP] Embed Pods Frameworks";
			outputFileListPaths = (
			);
			outputPaths = (
				"${TARGET_BUILD_DIR}/${FRAMEWORKS_FOLDER_PATH}/ZCAnimatedLabel.framework",
			);
			runOnlyForDeploymentPostprocessing = 0;
			shellPath = /bin/sh;
			shellScript = "\"${SRCROOT}/Pods/Target Support Files/Pods-VisualSupport2/Pods-VisualSupport2-frameworks.sh\"\n";
			showEnvVarsInLog = 0;
		};
/* End PBXShellScriptBuildPhase section */

/* Begin PBXSourcesBuildPhase section */
		3103B5CB21B9A77100ADA70B /* Sources */ = {
			isa = PBXSourcesBuildPhase;
			buildActionMask = 2147483647;
			files = (
				3103B5D521B9A77100ADA70B /* ViewController.swift in Sources */,
				3103B5D321B9A77100ADA70B /* AppDelegate.swift in Sources */,
			);
			runOnlyForDeploymentPostprocessing = 0;
		};
/* End PBXSourcesBuildPhase section */

/* Begin PBXVariantGroup section */
		3103B5D621B9A77100ADA70B /* Main.storyboard */ = {
			isa = PBXVariantGroup;
			children = (
				3103B5D721B9A77100ADA70B /* Base */,
			);
			name = Main.storyboard;
			sourceTree = "<group>";
		};
		3103B5DB21B9A77100ADA70B /* LaunchScreen.storyboard */ = {
			isa = PBXVariantGroup;
			children = (
				3103B5DC21B9A77100ADA70B /* Base */,
			);
			name = LaunchScreen.storyboard;
			sourceTree = "<group>";
		};
/* End PBXVariantGroup section */

/* Begin XCBuildConfiguration section */
		3103B5DF21B9A77100ADA70B /* Debug */ = {
			isa = XCBuildConfiguration;
			buildSettings = {
				ALWAYS_SEARCH_USER_PATHS = NO;
				CLANG_ANALYZER_NONNULL = YES;
				CLANG_ANALYZER_NUMBER_OBJECT_CONVERSION = YES_AGGRESSIVE;
				CLANG_CXX_LANGUAGE_STANDARD = "gnu++14";
				CLANG_CXX_LIBRARY = "libc++";
				CLANG_ENABLE_MODULES = YES;
				CLANG_ENABLE_OBJC_ARC = YES;
				CLANG_ENABLE_OBJC_WEAK = YES;
				CLANG_WARN_BLOCK_CAPTURE_AUTORELEASING = YES;
				CLANG_WARN_BOOL_CONVERSION = YES;
				CLANG_WARN_COMMA = YES;
				CLANG_WARN_CONSTANT_CONVERSION = YES;
				CLANG_WARN_DEPRECATED_OBJC_IMPLEMENTATIONS = YES;
				CLANG_WARN_DIRECT_OBJC_ISA_USAGE = YES_ERROR;
				CLANG_WARN_DOCUMENTATION_COMMENTS = YES;
				CLANG_WARN_EMPTY_BODY = YES;
				CLANG_WARN_ENUM_CONVERSION = YES;
				CLANG_WARN_INFINITE_RECURSION = YES;
				CLANG_WARN_INT_CONVERSION = YES;
				CLANG_WARN_NON_LITERAL_NULL_CONVERSION = YES;
				CLANG_WARN_OBJC_IMPLICIT_RETAIN_SELF = YES;
				CLANG_WARN_OBJC_LITERAL_CONVERSION = YES;
				CLANG_WARN_OBJC_ROOT_CLASS = YES_ERROR;
				CLANG_WARN_RANGE_LOOP_ANALYSIS = YES;
				CLANG_WARN_STRICT_PROTOTYPES = YES;
				CLANG_WARN_SUSPICIOUS_MOVE = YES;
				CLANG_WARN_UNGUARDED_AVAILABILITY = YES_AGGRESSIVE;
				CLANG_WARN_UNREACHABLE_CODE = YES;
				CLANG_WARN__DUPLICATE_METHOD_MATCH = YES;
				CODE_SIGN_IDENTITY = "iPhone Developer";
				COPY_PHASE_STRIP = NO;
				DEBUG_INFORMATION_FORMAT = dwarf;
				ENABLE_STRICT_OBJC_MSGSEND = YES;
				ENABLE_TESTABILITY = YES;
				GCC_C_LANGUAGE_STANDARD = gnu11;
				GCC_DYNAMIC_NO_PIC = NO;
				GCC_NO_COMMON_BLOCKS = YES;
				GCC_OPTIMIZATION_LEVEL = 0;
				GCC_PREPROCESSOR_DEFINITIONS = (
					"DEBUG=1",
					"$(inherited)",
				);
				GCC_WARN_64_TO_32_BIT_CONVERSION = YES;
				GCC_WARN_ABOUT_RETURN_TYPE = YES_ERROR;
				GCC_WARN_UNDECLARED_SELECTOR = YES;
				GCC_WARN_UNINITIALIZED_AUTOS = YES_AGGRESSIVE;
				GCC_WARN_UNUSED_FUNCTION = YES;
				GCC_WARN_UNUSED_VARIABLE = YES;
				IPHONEOS_DEPLOYMENT_TARGET = 12.1;
				MTL_ENABLE_DEBUG_INFO = INCLUDE_SOURCE;
				MTL_FAST_MATH = YES;
				ONLY_ACTIVE_ARCH = YES;
				SDKROOT = iphoneos;
				SWIFT_ACTIVE_COMPILATION_CONDITIONS = DEBUG;
				SWIFT_OPTIMIZATION_LEVEL = "-Onone";
			};
			name = Debug;
		};
		3103B5E021B9A77100ADA70B /* Release */ = {
			isa = XCBuildConfiguration;
			buildSettings = {
				ALWAYS_SEARCH_USER_PATHS = NO;
				CLANG_ANALYZER_NONNULL = YES;
				CLANG_ANALYZER_NUMBER_OBJECT_CONVERSION = YES_AGGRESSIVE;
				CLANG_CXX_LANGUAGE_STANDARD = "gnu++14";
				CLANG_CXX_LIBRARY = "libc++";
				CLANG_ENABLE_MODULES = YES;
				CLANG_ENABLE_OBJC_ARC = YES;
				CLANG_ENABLE_OBJC_WEAK = YES;
				CLANG_WARN_BLOCK_CAPTURE_AUTORELEASING = YES;
				CLANG_WARN_BOOL_CONVERSION = YES;
				CLANG_WARN_COMMA = YES;
				CLANG_WARN_CONSTANT_CONVERSION = YES;
				CLANG_WARN_DEPRECATED_OBJC_IMPLEMENTATIONS = YES;
				CLANG_WARN_DIRECT_OBJC_ISA_USAGE = YES_ERROR;
				CLANG_WARN_DOCUMENTATION_COMMENTS = YES;
				CLANG_WARN_EMPTY_BODY = YES;
				CLANG_WARN_ENUM_CONVERSION = YES;
				CLANG_WARN_INFINITE_RECURSION = YES;
				CLANG_WARN_INT_CONVERSION = YES;
				CLANG_WARN_NON_LITERAL_NULL_CONVERSION = YES;
				CLANG_WARN_OBJC_IMPLICIT_RETAIN_SELF = YES;
				CLANG_WARN_OBJC_LITERAL_CONVERSION = YES;
				CLANG_WARN_OBJC_ROOT_CLASS = YES_ERROR;
				CLANG_WARN_RANGE_LOOP_ANALYSIS = YES;
				CLANG_WARN_STRICT_PROTOTYPES = YES;
				CLANG_WARN_SUSPICIOUS_MOVE = YES;
				CLANG_WARN_UNGUARDED_AVAILABILITY = YES_AGGRESSIVE;
				CLANG_WARN_UNREACHABLE_CODE = YES;
				CLANG_WARN__DUPLICATE_METHOD_MATCH = YES;
				CODE_SIGN_IDENTITY = "iPhone Developer";
				COPY_PHASE_STRIP = NO;
				DEBUG_INFORMATION_FORMAT = "dwarf-with-dsym";
				ENABLE_NS_ASSERTIONS = NO;
				ENABLE_STRICT_OBJC_MSGSEND = YES;
				GCC_C_LANGUAGE_STANDARD = gnu11;
				GCC_NO_COMMON_BLOCKS = YES;
				GCC_WARN_64_TO_32_BIT_CONVERSION = YES;
				GCC_WARN_ABOUT_RETURN_TYPE = YES_ERROR;
				GCC_WARN_UNDECLARED_SELECTOR = YES;
				GCC_WARN_UNINITIALIZED_AUTOS = YES_AGGRESSIVE;
				GCC_WARN_UNUSED_FUNCTION = YES;
				GCC_WARN_UNUSED_VARIABLE = YES;
				IPHONEOS_DEPLOYMENT_TARGET = 12.1;
				MTL_ENABLE_DEBUG_INFO = NO;
				MTL_FAST_MATH = YES;
				SDKROOT = iphoneos;
				SWIFT_COMPILATION_MODE = wholemodule;
				SWIFT_OPTIMIZATION_LEVEL = "-O";
				VALIDATE_PRODUCT = YES;
			};
			name = Release;
		};
		3103B5E221B9A77100ADA70B /* Debug */ = {
			isa = XCBuildConfiguration;
			baseConfigurationReference = 585042D790254371421F1C4E /* Pods-VisualSupport2.debug.xcconfig */;
			buildSettings = {
				ASSETCATALOG_COMPILER_APPICON_NAME = AppIcon;
				CODE_SIGN_STYLE = Automatic;
				DEVELOPMENT_TEAM = VDC8NJPWT3;
				INFOPLIST_FILE = VisualSupport2/Info.plist;
				LD_RUNPATH_SEARCH_PATHS = (
					"$(inherited)",
					"@executable_path/Frameworks",
				);
				PRODUCT_BUNDLE_IDENTIFIER = "BSH-MRM.VisualSupport2";
				PRODUCT_NAME = "$(TARGET_NAME)";
				SWIFT_VERSION = 4.2;
				TARGETED_DEVICE_FAMILY = "1,2";
			};
			name = Debug;
		};
		3103B5E321B9A77100ADA70B /* Release */ = {
			isa = XCBuildConfiguration;
			baseConfigurationReference = 71CC6F4F5CA8D0D0FA3949F4 /* Pods-VisualSupport2.release.xcconfig */;
			buildSettings = {
				ASSETCATALOG_COMPILER_APPICON_NAME = AppIcon;
				CODE_SIGN_STYLE = Automatic;
				DEVELOPMENT_TEAM = VDC8NJPWT3;
				INFOPLIST_FILE = VisualSupport2/Info.plist;
				LD_RUNPATH_SEARCH_PATHS = (
					"$(inherited)",
					"@executable_path/Frameworks",
				);
				PRODUCT_BUNDLE_IDENTIFIER = "BSH-MRM.VisualSupport2";
				PRODUCT_NAME = "$(TARGET_NAME)";
				SWIFT_VERSION = 4.2;
				TARGETED_DEVICE_FAMILY = "1,2";
			};
			name = Release;
		};
/* End XCBuildConfiguration section */

/* Begin XCConfigurationList section */
		3103B5CA21B9A77000ADA70B /* Build configuration list for PBXProject "VisualSupport2" */ = {
			isa = XCConfigurationList;
			buildConfigurations = (
				3103B5DF21B9A77100ADA70B /* Debug */,
				3103B5E021B9A77100ADA70B /* Release */,
			);
			defaultConfigurationIsVisible = 0;
			defaultConfigurationName = Release;
		};
		3103B5E121B9A77100ADA70B /* Build configuration list for PBXNativeTarget "VisualSupport2" */ = {
			isa = XCConfigurationList;
			buildConfigurations = (
				3103B5E221B9A77100ADA70B /* Debug */,
				3103B5E321B9A77100ADA70B /* Release */,
			);
			defaultConfigurationIsVisible = 0;
			defaultConfigurationName = Release;
		};
/* End XCConfigurationList section */
	};
	rootObject = 3103B5C721B9A77000ADA70B /* Project object */;
}
